
Microsoft Visual Studio Solution File, Format Version 12.00
# Visual Studio Version 17
VisualStudioVersion = 17.9.34728.123
MinimumVisualStudioVersion = 10.0.40219.1
Project("{FAE04EC0-301F-11D3-BF4B-00C04F79EFBC}") = "Tower Defense", "Tower Defense.csproj", "{70506792-E120-43BA-B97D-049B3BDC1CC3}"
EndProject
Global
	GlobalSection(SolutionConfigurationPlatforms) = preSolution
		Debug|Any CPU = Debug|Any CPU
		Release|Any CPU = Release|Any CPU
	EndGlobalSection
	GlobalSection(ProjectConfigurationPlatforms) = postSolution
		{70506792-E120-43BA-B97D-049B3BDC1CC3}.Debug|Any CPU.ActiveCfg = Debug|Any CPU
		{70506792-E120-43BA-B97D-049B3BDC1CC3}.Debug|Any CPU.Build.0 = Debug|Any CPU
		{70506792-E120-43BA-B97D-049B3BDC1CC3}.Release|Any CPU.ActiveCfg = Release|Any CPU
		{70506792-E120-43BA-B97D-049B3BDC1CC3}.Release|Any CPU.Build.0 = Release|Any CPU
	EndGlobalSection
	GlobalSection(SolutionProperties) = preSolution
		HideSolutionNode = FALSE
	EndGlobalSection
	GlobalSection(ExtensibilityGlobals) = postSolution
		SolutionGuid = {980C8652-7B16-4BAF-828E-B9D42ED630D3}
	EndGlobalSection
EndGlobal
